
Microsoft Visual Studio Solution File, Format Version 12.00
# Visual Studio 15
VisualStudioVersion = 15.0.28307.1401
MinimumVisualStudioVersion = 10.0.40219.1
Project("{FAE04EC0-301F-11D3-BF4B-00C04F79EFBC}") = "WinFTPDownload", "WinFTPDownload\WinFTPDownload.csproj", "{4EA15507-9245-46D7-AEA4-B06C3FB3C719}"
EndProject
Global
	GlobalSection(SolutionConfigurationPlatforms) = preSolution
		Debug|Any CPU = Debug|Any CPU
		Release|Any CPU = Release|Any CPU
	EndGlobalSection
	GlobalSection(ProjectConfigurationPlatforms) = postSolution
		{4EA15507-9245-46D7-AEA4-B06C3FB3C719}.Debug|Any CPU.ActiveCfg = Debug|Any CPU
		{4EA15507-9245-46D7-AEA4-B06C3FB3C719}.Debug|Any CPU.Build.0 = Debug|Any CPU
		{4EA15507-9245-46D7-AEA4-B06C3FB3C719}.Release|Any CPU.ActiveCfg = Release|Any CPU
		{4EA15507-9245-46D7-AEA4-B06C3FB3C719}.Release|Any CPU.Build.0 = Release|Any CPU
	EndGlobalSection
	GlobalSection(SolutionProperties) = preSolution
		HideSolutionNode = FALSE
	EndGlobalSection
	GlobalSection(ExtensibilityGlobals) = postSolution
		SolutionGuid = {5F1CDD09-CF3B-43EF-A1B8-4275BC0C5A09}
	EndGlobalSection
EndGlobal
